
Microsoft Visual Studio Solution File, Format Version 12.00
# Visual Studio Version 17
VisualStudioVersion = 17.11.35312.102
MinimumVisualStudioVersion = 10.0.40219.1
Project("{FAE04EC0-301F-11D3-BF4B-00C04F79EFBC}") = "RealEstateAuction.Business", "RealEstateAuction.Business\RealEstateAuction.Business.csproj", "{FDCE99D4-A1F0-4C10-9C6F-98D84D1A7D7C}"
EndProject
Project("{FAE04EC0-301F-11D3-BF4B-00C04F79EFBC}") = "RealEstateAuction.Data", "RealEstateAuction.Data\RealEstateAuction.Data.csproj", "{7164EA0D-D8E7-4DCD-8B72-84E7C14E74D4}"
EndProject
Project("{FAE04EC0-301F-11D3-BF4B-00C04F79EFBC}") = "RealEstateAuction.Presentation", "RealEstateAuction.Presentation\RealEstateAuction.Presentation.csproj", "{49DF9408-DE21-4A34-8406-5D1100F6C6D9}"
EndProject
Global
	GlobalSection(SolutionConfigurationPlatforms) = preSolution
		Debug|Any CPU = Debug|Any CPU
		Release|Any CPU = Release|Any CPU
	EndGlobalSection
	GlobalSection(ProjectConfigurationPlatforms) = postSolution
		{FDCE99D4-A1F0-4C10-9C6F-98D84D1A7D7C}.Debug|Any CPU.ActiveCfg = Debug|Any CPU
		{FDCE99D4-A1F0-4C10-9C6F-98D84D1A7D7C}.Debug|Any CPU.Build.0 = Debug|Any CPU
		{FDCE99D4-A1F0-4C10-9C6F-98D84D1A7D7C}.Release|Any CPU.ActiveCfg = Release|Any CPU
		{FDCE99D4-A1F0-4C10-9C6F-98D84D1A7D7C}.Release|Any CPU.Build.0 = Release|Any CPU
		{7164EA0D-D8E7-4DCD-8B72-84E7C14E74D4}.Debug|Any CPU.ActiveCfg = Debug|Any CPU
		{7164EA0D-D8E7-4DCD-8B72-84E7C14E74D4}.Debug|Any CPU.Build.0 = Debug|Any CPU
		{7164EA0D-D8E7-4DCD-8B72-84E7C14E74D4}.Release|Any CPU.ActiveCfg = Release|Any CPU
		{7164EA0D-D8E7-4DCD-8B72-84E7C14E74D4}.Release|Any CPU.Build.0 = Release|Any CPU
		{49DF9408-DE21-4A34-8406-5D1100F6C6D9}.Debug|Any CPU.ActiveCfg = Debug|Any CPU
		{49DF9408-DE21-4A34-8406-5D1100F6C6D9}.Debug|Any CPU.Build.0 = Debug|Any CPU
		{49DF9408-DE21-4A34-8406-5D1100F6C6D9}.Release|Any CPU.ActiveCfg = Release|Any CPU
		{49DF9408-DE21-4A34-8406-5D1100F6C6D9}.Release|Any CPU.Build.0 = Release|Any CPU
	EndGlobalSection
	GlobalSection(SolutionProperties) = preSolution
		HideSolutionNode = FALSE
	EndGlobalSection
	GlobalSection(ExtensibilityGlobals) = postSolution
		SolutionGuid = {FB4340AA-3D42-4156-855D-FBBF38A6367D}
	EndGlobalSection
EndGlobal
